
Microsoft Visual Studio Solution File, Format Version 12.00
# Visual Studio Version 17
VisualStudioVersion = 17.6.33829.357
MinimumVisualStudioVersion = 10.0.40219.1
Project("{FAE04EC0-301F-11D3-BF4B-00C04F79EFBC}") = "Oyun", "Oyun\Oyun.csproj", "{C12AA0E8-B1D0-4EE0-A116-818A1862B0B0}"
EndProject
Global
	GlobalSection(SolutionConfigurationPlatforms) = preSolution
		Debug|Any CPU = Debug|Any CPU
		Release|Any CPU = Release|Any CPU
	EndGlobalSection
	GlobalSection(ProjectConfigurationPlatforms) = postSolution
		{C12AA0E8-B1D0-4EE0-A116-818A1862B0B0}.Debug|Any CPU.ActiveCfg = Debug|Any CPU
		{C12AA0E8-B1D0-4EE0-A116-818A1862B0B0}.Debug|Any CPU.Build.0 = Debug|Any CPU
		{C12AA0E8-B1D0-4EE0-A116-818A1862B0B0}.Release|Any CPU.ActiveCfg = Release|Any CPU
		{C12AA0E8-B1D0-4EE0-A116-818A1862B0B0}.Release|Any CPU.Build.0 = Release|Any CPU
	EndGlobalSection
	GlobalSection(SolutionProperties) = preSolution
		HideSolutionNode = FALSE
	EndGlobalSection
	GlobalSection(ExtensibilityGlobals) = postSolution
		SolutionGuid = {612FF23A-496D-45D0-AD5D-509677C4CC86}
	EndGlobalSection
EndGlobal
